<?xml version="1.0" encoding="utf-8"?>
<Project ToolsVersion="4.0" xmlns="http://schemas.microsoft.com/developer/msbuild/2003">
  <ItemGroup>
    <Filter Include="源文件">
      <UniqueIdentifier>{4FC737F1-C7A5-4376-A066-2A32D752A2FF}</UniqueIdentifier>
      <Extensions>cpp;c;cc;cxx;c++;cppm;ixx;def;odl;idl;hpj;bat;asm;asmx</Extensions>
    </Filter>
    <Filter Include="头文件">
      <UniqueIdentifier>{93995380-89BD-4b04-88EB-625FBE52EBFB}</UniqueIdentifier>
      <Extensions>h;hh;hpp;hxx;h++;hm;inl;inc;ipp;xsd</Extensions>
    </Filter>
  </ItemGroup>
  <ItemGroup>
    <ClInclude Include="CustomJacketInternal.h">
      <Filter>头文件</Filter>
    </ClInclude>
    <ClInclude Include="CustomJacketInstaller.h">
      <Filter>头文件</Filter>
    </ClInclude>
    <ClInclude Include="DynamicTrackTitleSync.h">
      <Filter>头文件</Filter>
    </ClInclude>
    <ClInclude Include="GameSymbols.h">
      <Filter>头文件</Filter>
    </ClInclude>
    <ClInclude Include="framework.h">
      <Filter>头文件</Filter>
    </ClInclude>
    <ClInclude Include="DecimaTypes.h">
      <Filter>头文件</Filter>
    </ClInclude>
    <ClInclude Include="GeneratedSourcePluginTemplates.h">
      <Filter>头文件</Filter>
    </ClInclude>
    <ClInclude Include="Hooks.h">
      <Filter>头文件</Filter>
    </ClInclude>
    <ClInclude Include="HookUtils.h">
      <Filter>头文件</Filter>
    </ClInclude>
    <ClInclude Include="CustomJacketImageTransfer.h">
      <Filter>头文件</Filter>
    </ClInclude>
    <ClInclude Include="Logger.h">
      <Filter>头文件</Filter>
    </ClInclude>
    <ClInclude Include="MusicPlayerInjection.h">
      <Filter>头文件</Filter>
    </ClInclude>
    <ClInclude Include="PlayEntryMonitor.h">
      <Filter>头文件</Filter>
    </ClInclude>
    <ClInclude Include="PatternScan.h">
      <Filter>头文件</Filter>
    </ClInclude>
    <ClInclude Include="pch.h">
      <Filter>头文件</Filter>
    </ClInclude>
    <ClInclude Include="PlayStateMonitor.h">
      <Filter>头文件</Filter>
    </ClInclude>
    <ClInclude Include="SourcePluginBank.h">
      <Filter>头文件</Filter>
    </ClInclude>
    <ClInclude Include="SpecialTrackHelpers.h">
      <Filter>头文件</Filter>
    </ClInclude>
    <ClInclude Include="SpecialTrackIds.h">
      <Filter>头文件</Filter>
    </ClInclude>
    <ClInclude Include="SpecialTrackInjection.h">
      <Filter>头文件</Filter>
    </ClInclude>
    <ClInclude Include="WwisePluginRegistration.h">
      <Filter>头文件</Filter>
    </ClInclude>
    <ClInclude Include="TextureBindProbe.h">
      <Filter>头文件</Filter>
    </ClInclude>
  </ItemGroup>
  <ItemGroup>
    <ClCompile Include="CustomJacketActiveResource.cpp">
      <Filter>源文件</Filter>
    </ClCompile>
    <ClCompile Include="CustomJacketSourceTexture.cpp">
      <Filter>源文件</Filter>
    </ClCompile>
    <ClCompile Include="CustomJacketBc7External.cpp">
      <Filter>源文件</Filter>
    </ClCompile>
    <ClCompile Include="CustomJacketBc7Fallback.cpp">
      <Filter>源文件</Filter>
    </ClCompile>
    <ClCompile Include="CustomJacketD3D12Create.cpp">
      <Filter>源文件</Filter>
    </ClCompile>
    <ClCompile Include="CustomJacketD3D12Resource.cpp">
      <Filter>源文件</Filter>
    </ClCompile>
    <ClCompile Include="CustomJacketD3D12UploadPixels.cpp">
      <Filter>源文件</Filter>
    </ClCompile>
    <ClCompile Include="CustomJacketImageDecodeWic.cpp">
      <Filter>源文件</Filter>
    </ClCompile>
    <ClCompile Include="CustomJacketInstaller.cpp">
      <Filter>源文件</Filter>
    </ClCompile>
    <ClCompile Include="CustomJacketSeh.cpp">
      <Filter>源文件</Filter>
    </ClCompile>
    <ClCompile Include="CustomJacketUiClone.cpp">
      <Filter>源文件</Filter>
    </ClCompile>
    <ClCompile Include="CustomJacketPixelBufferClone.cpp">
      <Filter>源文件</Filter>
    </ClCompile>
    <ClCompile Include="DynamicTrackTitleSync.cpp">
      <Filter>源文件</Filter>
    </ClCompile>
    <ClCompile Include="dllmain.cpp">
      <Filter>源文件</Filter>
    </ClCompile>
    <ClCompile Include="GameSymbols.cpp">
      <Filter>源文件</Filter>
    </ClCompile>
    <ClCompile Include="GeneratedSourcePluginTemplates.cpp">
      <Filter>源文件</Filter>
    </ClCompile>
    <ClCompile Include="Hooks.cpp">
      <Filter>源文件</Filter>
    </ClCompile>
    <ClCompile Include="HookUtils.cpp">
      <Filter>源文件</Filter>
    </ClCompile>
    <ClCompile Include="CustomJacketImageTransfer.cpp">
      <Filter>源文件</Filter>
    </ClCompile>
    <ClCompile Include="Logger.cpp">
      <Filter>源文件</Filter>
    </ClCompile>
    <ClCompile Include="MusicPlayerInjection.cpp">
      <Filter>源文件</Filter>
    </ClCompile>
    <ClCompile Include="PlayEntryMonitor.cpp">
      <Filter>源文件</Filter>
    </ClCompile>
    <ClCompile Include="PatternScan.cpp">
      <Filter>源文件</Filter>
    </ClCompile>
    <ClCompile Include="PlayStateMonitor.cpp">
      <Filter>源文件</Filter>
    </ClCompile>
    <ClCompile Include="SourcePluginBank.cpp">
      <Filter>源文件</Filter>
    </ClCompile>
    <ClCompile Include="SpecialTrackHelpers.cpp">
      <Filter>源文件</Filter>
    </ClCompile>
    <ClCompile Include="SpecialTrackInjection.cpp">
      <Filter>源文件</Filter>
    </ClCompile>
    <ClCompile Include="WwisePluginRegistration.cpp">
      <Filter>源文件</Filter>
    </ClCompile>
    <ClCompile Include="TextureBindProbe.cpp">
      <Filter>源文件</Filter>
    </ClCompile>
    <ClCompile Include="pch.cpp">
      <Filter>源文件</Filter>
    </ClCompile>
  </ItemGroup>
</Project>
